// !$*UTF8*$!
{
	archiveVersion = 1;
	classes = {
	};
	objectVersion = 46;
	objects = {

/* Begin PBXBuildFile section */
		840BF0D41577199B0087081C /* MzProductCollectionContext.m in Sources */ = {isa = PBXBuildFile; fileRef = 840BF0D31577199B0087081C /* MzProductCollectionContext.m */; };
		840BF0DD1577416F0087081C /* QLog.m in Sources */ = {isa = PBXBuildFile; fileRef = 840BF0D91577416F0087081C /* QLog.m */; };
		840BF0DE1577416F0087081C /* QLogViewer.m in Sources */ = {isa = PBXBuildFile; fileRef = 840BF0DB1577416F0087081C /* QLogViewer.m */; };
		840BF0DF1577416F0087081C /* Settings.bundle in Resources */ = {isa = PBXBuildFile; fileRef = 840BF0DC1577416F0087081C /* Settings.bundle */; };
		845DDA201577CCDF00851EF8 /* MessageUI.framework in Frameworks */ = {isa = PBXBuildFile; fileRef = 845DDA1F1577CCDF00851EF8 /* MessageUI.framework */; };
		845DDA221577CD0B00851EF8 /* libz.dylib in Frameworks */ = {isa = PBXBuildFile; fileRef = 845DDA211577CD0B00851EF8 /* libz.dylib */; };
		845DDA291577EDAD00851EF8 /* MzProductCollectionTests.m in Sources */ = {isa = PBXBuildFile; fileRef = 845DDA281577EDAD00851EF8 /* MzProductCollectionTests.m */; };
		845DDA2C15787B9500851EF8 /* RecursiveDeleteOperation.m in Sources */ = {isa = PBXBuildFile; fileRef = 845DDA2B15787B9500851EF8 /* RecursiveDeleteOperation.m */; };
		84E7076B157691CB00A65BBC /* UIKit.framework in Frameworks */ = {isa = PBXBuildFile; fileRef = 84E7076A157691CB00A65BBC /* UIKit.framework */; };
		84E7076D157691CB00A65BBC /* Foundation.framework in Frameworks */ = {isa = PBXBuildFile; fileRef = 84E7076C157691CB00A65BBC /* Foundation.framework */; };
		84E7076F157691CB00A65BBC /* CoreGraphics.framework in Frameworks */ = {isa = PBXBuildFile; fileRef = 84E7076E157691CB00A65BBC /* CoreGraphics.framework */; };
		84E70775157691CB00A65BBC /* InfoPlist.strings in Resources */ = {isa = PBXBuildFile; fileRef = 84E70773157691CB00A65BBC /* InfoPlist.strings */; };
		84E70777157691CB00A65BBC /* main.m in Sources */ = {isa = PBXBuildFile; fileRef = 84E70776157691CB00A65BBC /* main.m */; };
		84E7077B157691CB00A65BBC /* MzAppDelegate.m in Sources */ = {isa = PBXBuildFile; fileRef = 84E7077A157691CB00A65BBC /* MzAppDelegate.m */; };
		84E7077E157691CB00A65BBC /* MainStoryboard_iPhone.storyboard in Resources */ = {isa = PBXBuildFile; fileRef = 84E7077C157691CB00A65BBC /* MainStoryboard_iPhone.storyboard */; };
		84E70781157691CB00A65BBC /* MainStoryboard_iPad.storyboard in Resources */ = {isa = PBXBuildFile; fileRef = 84E7077F157691CB00A65BBC /* MainStoryboard_iPad.storyboard */; };
		84E70784157691CB00A65BBC /* MzProductCollectionViewController.m in Sources */ = {isa = PBXBuildFile; fileRef = 84E70783157691CB00A65BBC /* MzProductCollectionViewController.m */; };
		84E70786157691CB00A65BBC /* first.png in Resources */ = {isa = PBXBuildFile; fileRef = 84E70785157691CB00A65BBC /* first.png */; };
		84E70788157691CB00A65BBC /* first@2x.png in Resources */ = {isa = PBXBuildFile; fileRef = 84E70787157691CB00A65BBC /* first@2x.png */; };
		84E7078B157691CC00A65BBC /* MzProductItemViewController.m in Sources */ = {isa = PBXBuildFile; fileRef = 84E7078A157691CC00A65BBC /* MzProductItemViewController.m */; };
		84E7078D157691CC00A65BBC /* second.png in Resources */ = {isa = PBXBuildFile; fileRef = 84E7078C157691CC00A65BBC /* second.png */; };
		84E7078F157691CC00A65BBC /* second@2x.png in Resources */ = {isa = PBXBuildFile; fileRef = 84E7078E157691CC00A65BBC /* second@2x.png */; };
		84E70797157691CC00A65BBC /* SenTestingKit.framework in Frameworks */ = {isa = PBXBuildFile; fileRef = 84E70796157691CC00A65BBC /* SenTestingKit.framework */; };
		84E70798157691CC00A65BBC /* UIKit.framework in Frameworks */ = {isa = PBXBuildFile; fileRef = 84E7076A157691CB00A65BBC /* UIKit.framework */; };
		84E70799157691CC00A65BBC /* Foundation.framework in Frameworks */ = {isa = PBXBuildFile; fileRef = 84E7076C157691CB00A65BBC /* Foundation.framework */; };
		84E707A1157691CC00A65BBC /* InfoPlist.strings in Resources */ = {isa = PBXBuildFile; fileRef = 84E7079F157691CC00A65BBC /* InfoPlist.strings */; };
		84E707A4157691CC00A65BBC /* ManziaShoppingUITests.m in Sources */ = {isa = PBXBuildFile; fileRef = 84E707A3157691CC00A65BBC /* ManziaShoppingUITests.m */; };
		84E707AE1576921100A65BBC /* CoreData.framework in Frameworks */ = {isa = PBXBuildFile; fileRef = 84E707AD1576921100A65BBC /* CoreData.framework */; };
		84E707AF1576923600A65BBC /* SenTestingKit.framework in Frameworks */ = {isa = PBXBuildFile; fileRef = 84E70796157691CC00A65BBC /* SenTestingKit.framework */; };
		84E707B61576971200A65BBC /* MzProductCollection.m in Sources */ = {isa = PBXBuildFile; fileRef = 84E707B51576971200A65BBC /* MzProductCollection.m */; };
		84E707BB1576DE5000A65BBC /* sampleProductsResponse.xml in Resources */ = {isa = PBXBuildFile; fileRef = 84E707BA1576DE4F00A65BBC /* sampleProductsResponse.xml */; };
/* End PBXBuildFile section */

/* Begin PBXContainerItemProxy section */
		84E7079A157691CC00A65BBC /* PBXContainerItemProxy */ = {
			isa = PBXContainerItemProxy;
			containerPortal = 84E7075D157691CB00A65BBC /* Project object */;
			proxyType = 1;
			remoteGlobalIDString = 84E70765157691CB00A65BBC;
			remoteInfo = ManziaShoppingUI;
		};
/* End PBXContainerItemProxy section */

/* Begin PBXFileReference section */
		840BF0D21577199B0087081C /* MzProductCollectionContext.h */ = {isa = PBXFileReference; fileEncoding = 4; lastKnownFileType = sourcecode.c.h; path = MzProductCollectionContext.h; sourceTree = "<group>"; };
		840BF0D31577199B0087081C /* MzProductCollectionContext.m */ = {isa = PBXFileReference; fileEncoding = 4; lastKnownFileType = sourcecode.c.objc; path = MzProductCollectionContext.m; sourceTree = "<group>"; };
		840BF0D71577416F0087081C /* Logging.h */ = {isa = PBXFileReference; fileEncoding = 4; lastKnownFileType = sourcecode.c.h; path = Logging.h; sourceTree = "<group>"; };
		840BF0D81577416F0087081C /* QLog.h */ = {isa = PBXFileReference; fileEncoding = 4; lastKnownFileType = sourcecode.c.h; path = QLog.h; sourceTree = "<group>"; };
		840BF0D91577416F0087081C /* QLog.m */ = {isa = PBXFileReference; fileEncoding = 4; lastKnownFileType = sourcecode.c.objc; path = QLog.m; sourceTree = "<group>"; };
		840BF0DA1577416F0087081C /* QLogViewer.h */ = {isa = PBXFileReference; fileEncoding = 4; lastKnownFileType = sourcecode.c.h; path = QLogViewer.h; sourceTree = "<group>"; };
		840BF0DB1577416F0087081C /* QLogViewer.m */ = {isa = PBXFileReference; fileEncoding = 4; lastKnownFileType = sourcecode.c.objc; path = QLogViewer.m; sourceTree = "<group>"; };
		840BF0DC1577416F0087081C /* Settings.bundle */ = {isa = PBXFileReference; explicitFileType = wrapper.application; path = Settings.bundle; sourceTree = "<group>"; };
		845DDA1F1577CCDF00851EF8 /* MessageUI.framework */ = {isa = PBXFileReference; lastKnownFileType = wrapper.framework; name = MessageUI.framework; path = System/Library/Frameworks/MessageUI.framework; sourceTree = SDKROOT; };
		845DDA211577CD0B00851EF8 /* libz.dylib */ = {isa = PBXFileReference; lastKnownFileType = "compiled.mach-o.dylib"; name = libz.dylib; path = usr/lib/libz.dylib; sourceTree = SDKROOT; };
		845DDA271577EDAD00851EF8 /* MzProductCollectionTests.h */ = {isa = PBXFileReference; fileEncoding = 4; lastKnownFileType = sourcecode.c.h; path = MzProductCollectionTests.h; sourceTree = "<group>"; };
		845DDA281577EDAD00851EF8 /* MzProductCollectionTests.m */ = {isa = PBXFileReference; fileEncoding = 4; lastKnownFileType = sourcecode.c.objc; path = MzProductCollectionTests.m; sourceTree = "<group>"; };
		845DDA2A15787B9500851EF8 /* RecursiveDeleteOperation.h */ = {isa = PBXFileReference; fileEncoding = 4; lastKnownFileType = sourcecode.c.h; path = RecursiveDeleteOperation.h; sourceTree = "<group>"; };
		845DDA2B15787B9500851EF8 /* RecursiveDeleteOperation.m */ = {isa = PBXFileReference; fileEncoding = 4; lastKnownFileType = sourcecode.c.objc; path = RecursiveDeleteOperation.m; sourceTree = "<group>"; };
		84E70766157691CB00A65BBC /* ManziaShoppingUI.app */ = {isa = PBXFileReference; explicitFileType = wrapper.application; includeInIndex = 0; path = ManziaShoppingUI.app; sourceTree = BUILT_PRODUCTS_DIR; };
		84E7076A157691CB00A65BBC /* UIKit.framework */ = {isa = PBXFileReference; lastKnownFileType = wrapper.framework; name = UIKit.framework; path = System/Library/Frameworks/UIKit.framework; sourceTree = SDKROOT; };
		84E7076C157691CB00A65BBC /* Foundation.framework */ = {isa = PBXFileReference; lastKnownFileType = wrapper.framework; name = Foundation.framework; path = System/Library/Frameworks/Foundation.framework; sourceTree = SDKROOT; };
		84E7076E157691CB00A65BBC /* CoreGraphics.framework */ = {isa = PBXFileReference; lastKnownFileType = wrapper.framework; name = CoreGraphics.framework; path = System/Library/Frameworks/CoreGraphics.framework; sourceTree = SDKROOT; };
		84E70772157691CB00A65BBC /* ManziaShoppingUI-Info.plist */ = {isa = PBXFileReference; lastKnownFileType = text.plist.xml; path = "ManziaShoppingUI-Info.plist"; sourceTree = "<group>"; };
		84E70774157691CB00A65BBC /* en */ = {isa = PBXFileReference; lastKnownFileType = text.plist.strings; name = en; path = en.lproj/InfoPlist.strings; sourceTree = "<group>"; };
		84E70776157691CB00A65BBC /* main.m */ = {isa = PBXFileReference; lastKnownFileType = sourcecode.c.objc; path = main.m; sourceTree = "<group>"; };
		84E70778157691CB00A65BBC /* ManziaShoppingUI-Prefix.pch */ = {isa = PBXFileReference; lastKnownFileType = sourcecode.c.h; path = "ManziaShoppingUI-Prefix.pch"; sourceTree = "<group>"; };
		84E70779157691CB00A65BBC /* MzAppDelegate.h */ = {isa = PBXFileReference; lastKnownFileType = sourcecode.c.h; path = MzAppDelegate.h; sourceTree = "<group>"; };
		84E7077A157691CB00A65BBC /* MzAppDelegate.m */ = {isa = PBXFileReference; lastKnownFileType = sourcecode.c.objc; path = MzAppDelegate.m; sourceTree = "<group>"; };
		84E7077D157691CB00A65BBC /* en */ = {isa = PBXFileReference; lastKnownFileType = file.storyboard; name = en; path = en.lproj/MainStoryboard_iPhone.storyboard; sourceTree = "<group>"; };
		84E70780157691CB00A65BBC /* en */ = {isa = PBXFileReference; lastKnownFileType = file.storyboard; name = en; path = en.lproj/MainStoryboard_iPad.storyboard; sourceTree = "<group>"; };
		84E70782157691CB00A65BBC /* MzProductCollectionViewController.h */ = {isa = PBXFileReference; lastKnownFileType = sourcecode.c.h; path = MzProductCollectionViewController.h; sourceTree = "<group>"; };
		84E70783157691CB00A65BBC /* MzProductCollectionViewController.m */ = {isa = PBXFileReference; lastKnownFileType = sourcecode.c.objc; path = MzProductCollectionViewController.m; sourceTree = "<group>"; };
		84E70785157691CB00A65BBC /* first.png */ = {isa = PBXFileReference; lastKnownFileType = image.png; path = first.png; sourceTree = "<group>"; };
		84E70787157691CB00A65BBC /* first@2x.png */ = {isa = PBXFileReference; lastKnownFileType = image.png; path = "first@2x.png"; sourceTree = "<group>"; };
		84E70789157691CB00A65BBC /* MzProductItemViewController.h */ = {isa = PBXFileReference; lastKnownFileType = sourcecode.c.h; path = MzProductItemViewController.h; sourceTree = "<group>"; };
		84E7078A157691CC00A65BBC /* MzProductItemViewController.m */ = {isa = PBXFileReference; lastKnownFileType = sourcecode.c.objc; path = MzProductItemViewController.m; sourceTree = "<group>"; };
		84E7078C157691CC00A65BBC /* second.png */ = {isa = PBXFileReference; lastKnownFileType = image.png; path = second.png; sourceTree = "<group>"; };
		84E7078E157691CC00A65BBC /* second@2x.png */ = {isa = PBXFileReference; lastKnownFileType = image.png; path = "second@2x.png"; sourceTree = "<group>"; };
		84E70795157691CC00A65BBC /* ManziaShoppingUITests.octest */ = {isa = PBXFileReference; explicitFileType = wrapper.cfbundle; includeInIndex = 0; path = ManziaShoppingUITests.octest; sourceTree = BUILT_PRODUCTS_DIR; };
		84E70796157691CC00A65BBC /* SenTestingKit.framework */ = {isa = PBXFileReference; lastKnownFileType = wrapper.framework; name = SenTestingKit.framework; path = Library/Frameworks/SenTestingKit.framework; sourceTree = DEVELOPER_DIR; };
		84E7079E157691CC00A65BBC /* ManziaShoppingUITests-Info.plist */ = {isa = PBXFileReference; lastKnownFileType = text.plist.xml; path = "ManziaShoppingUITests-Info.plist"; sourceTree = "<group>"; };
		84E707A0157691CC00A65BBC /* en */ = {isa = PBXFileReference; lastKnownFileType = text.plist.strings; name = en; path = en.lproj/InfoPlist.strings; sourceTree = "<group>"; };
		84E707A2157691CC00A65BBC /* ManziaShoppingUITests.h */ = {isa = PBXFileReference; lastKnownFileType = sourcecode.c.h; path = ManziaShoppingUITests.h; sourceTree = "<group>"; };
		84E707A3157691CC00A65BBC /* ManziaShoppingUITests.m */ = {isa = PBXFileReference; lastKnownFileType = sourcecode.c.objc; path = ManziaShoppingUITests.m; sourceTree = "<group>"; };
		84E707AD1576921100A65BBC /* CoreData.framework */ = {isa = PBXFileReference; lastKnownFileType = wrapper.framework; name = CoreData.framework; path = System/Library/Frameworks/CoreData.framework; sourceTree = SDKROOT; };
		84E707B41576971200A65BBC /* MzProductCollection.h */ = {isa = PBXFileReference; fileEncoding = 4; lastKnownFileType = sourcecode.c.h; path = MzProductCollection.h; sourceTree = "<group>"; };
		84E707B51576971200A65BBC /* MzProductCollection.m */ = {isa = PBXFileReference; fileEncoding = 4; lastKnownFileType = sourcecode.c.objc; path = MzProductCollection.m; sourceTree = "<group>"; };
		84E707BA1576DE4F00A65BBC /* sampleProductsResponse.xml */ = {isa = PBXFileReference; fileEncoding = 4; lastKnownFileType = text.xml; path = sampleProductsResponse.xml; sourceTree = "<group>"; };
/* End PBXFileReference section */

/* Begin PBXFrameworksBuildPhase section */
		84E70763157691CB00A65BBC /* Frameworks */ = {
			isa = PBXFrameworksBuildPhase;
			buildActionMask = 2147483647;
			files = (
				845DDA221577CD0B00851EF8 /* libz.dylib in Frameworks */,
				845DDA201577CCDF00851EF8 /* MessageUI.framework in Frameworks */,
				84E707AF1576923600A65BBC /* SenTestingKit.framework in Frameworks */,
				84E707AE1576921100A65BBC /* CoreData.framework in Frameworks */,
				84E7076B157691CB00A65BBC /* UIKit.framework in Frameworks */,
				84E7076D157691CB00A65BBC /* Foundation.framework in Frameworks */,
				84E7076F157691CB00A65BBC /* CoreGraphics.framework in Frameworks */,
			);
			runOnlyForDeploymentPostprocessing = 0;
		};
		84E70791157691CC00A65BBC /* Frameworks */ = {
			isa = PBXFrameworksBuildPhase;
			buildActionMask = 2147483647;
			files = (
				84E70797157691CC00A65BBC /* SenTestingKit.framework in Frameworks */,
				84E70798157691CC00A65BBC /* UIKit.framework in Frameworks */,
				84E70799157691CC00A65BBC /* Foundation.framework in Frameworks */,
			);
			runOnlyForDeploymentPostprocessing = 0;
		};
/* End PBXFrameworksBuildPhase section */

/* Begin PBXGroup section */
		840BF0D61577412E0087081C /* Logging */ = {
			isa = PBXGroup;
			children = (
				840BF0D71577416F0087081C /* Logging.h */,
				840BF0D81577416F0087081C /* QLog.h */,
				840BF0D91577416F0087081C /* QLog.m */,
				840BF0DA1577416F0087081C /* QLogViewer.h */,
				840BF0DB1577416F0087081C /* QLogViewer.m */,
				840BF0DC1577416F0087081C /* Settings.bundle */,
			);
			name = Logging;
			sourceTree = "<group>";
		};
		84E7075B157691CB00A65BBC = {
			isa = PBXGroup;
			children = (
				84E70770157691CB00A65BBC /* ManziaShoppingUI */,
				84E7079C157691CC00A65BBC /* ManziaShoppingUITests */,
				84E70769157691CB00A65BBC /* Frameworks */,
				84E70767157691CB00A65BBC /* Products */,
			);
			sourceTree = "<group>";
		};
		84E70767157691CB00A65BBC /* Products */ = {
			isa = PBXGroup;
			children = (
				84E70766157691CB00A65BBC /* ManziaShoppingUI.app */,
				84E70795157691CC00A65BBC /* ManziaShoppingUITests.octest */,
			);
			name = Products;
			sourceTree = "<group>";
		};
		84E70769157691CB00A65BBC /* Frameworks */ = {
			isa = PBXGroup;
			children = (
				845DDA211577CD0B00851EF8 /* libz.dylib */,
				845DDA1F1577CCDF00851EF8 /* MessageUI.framework */,
				84E707AD1576921100A65BBC /* CoreData.framework */,
				84E7076A157691CB00A65BBC /* UIKit.framework */,
				84E7076C157691CB00A65BBC /* Foundation.framework */,
				84E7076E157691CB00A65BBC /* CoreGraphics.framework */,
				84E70796157691CC00A65BBC /* SenTestingKit.framework */,
			);
			name = Frameworks;
			sourceTree = "<group>";
		};
		84E70770157691CB00A65BBC /* ManziaShoppingUI */ = {
			isa = PBXGroup;
			children = (
				840BF0D61577412E0087081C /* Logging */,
				84E707BA1576DE4F00A65BBC /* sampleProductsResponse.xml */,
				84E70779157691CB00A65BBC /* MzAppDelegate.h */,
				84E7077A157691CB00A65BBC /* MzAppDelegate.m */,
				84E7077C157691CB00A65BBC /* MainStoryboard_iPhone.storyboard */,
				84E7077F157691CB00A65BBC /* MainStoryboard_iPad.storyboard */,
				84E70785157691CB00A65BBC /* first.png */,
				84E70787157691CB00A65BBC /* first@2x.png */,
				84E7078C157691CC00A65BBC /* second.png */,
				84E7078E157691CC00A65BBC /* second@2x.png */,
				84E707B31576947C00A65BBC /* Networking */,
				84E707B21576946400A65BBC /* View Controllers */,
				84E707B11576944800A65BBC /* Model */,
				84E70771157691CB00A65BBC /* Supporting Files */,
			);
			path = ManziaShoppingUI;
			sourceTree = "<group>";
		};
		84E70771157691CB00A65BBC /* Supporting Files */ = {
			isa = PBXGroup;
			children = (
				84E70772157691CB00A65BBC /* ManziaShoppingUI-Info.plist */,
				84E70773157691CB00A65BBC /* InfoPlist.strings */,
				84E70776157691CB00A65BBC /* main.m */,
				84E70778157691CB00A65BBC /* ManziaShoppingUI-Prefix.pch */,
			);
			name = "Supporting Files";
			sourceTree = "<group>";
		};
		84E7079C157691CC00A65BBC /* ManziaShoppingUITests */ = {
			isa = PBXGroup;
			children = (
				84E707A2157691CC00A65BBC /* ManziaShoppingUITests.h */,
				845DDA271577EDAD00851EF8 /* MzProductCollectionTests.h */,
				845DDA281577EDAD00851EF8 /* MzProductCollectionTests.m */,
				84E707A3157691CC00A65BBC /* ManziaShoppingUITests.m */,
				84E7079D157691CC00A65BBC /* Supporting Files */,
			);
			path = ManziaShoppingUITests;
			sourceTree = "<group>";
		};
		84E7079D157691CC00A65BBC /* Supporting Files */ = {
			isa = PBXGroup;
			children = (
				84E7079E157691CC00A65BBC /* ManziaShoppingUITests-Info.plist */,
				84E7079F157691CC00A65BBC /* InfoPlist.strings */,
			);
			name = "Supporting Files";
			sourceTree = "<group>";
		};
		84E707B11576944800A65BBC /* Model */ = {
			isa = PBXGroup;
			children = (
				845DDA2A15787B9500851EF8 /* RecursiveDeleteOperation.h */,
				845DDA2B15787B9500851EF8 /* RecursiveDeleteOperation.m */,
				84E707B41576971200A65BBC /* MzProductCollection.h */,
				84E707B51576971200A65BBC /* MzProductCollection.m */,
				840BF0D21577199B0087081C /* MzProductCollectionContext.h */,
				840BF0D31577199B0087081C /* MzProductCollectionContext.m */,
			);
			name = Model;
			sourceTree = "<group>";
		};
		84E707B21576946400A65BBC /* View Controllers */ = {
			isa = PBXGroup;
			children = (
				84E70789157691CB00A65BBC /* MzProductItemViewController.h */,
				84E7078A157691CC00A65BBC /* MzProductItemViewController.m */,
				84E70782157691CB00A65BBC /* MzProductCollectionViewController.h */,
				84E70783157691CB00A65BBC /* MzProductCollectionViewController.m */,
			);
			name = "View Controllers";
			sourceTree = "<group>";
		};
		84E707B31576947C00A65BBC /* Networking */ = {
			isa = PBXGroup;
			children = (
			);
			name = Networking;
			sourceTree = "<group>";
		};
/* End PBXGroup section */

/* Begin PBXNativeTarget section */
		84E70765157691CB00A65BBC /* ManziaShoppingUI */ = {
			isa = PBXNativeTarget;
			buildConfigurationList = 84E707A7157691CC00A65BBC /* Build configuration list for PBXNativeTarget "ManziaShoppingUI" */;
			buildPhases = (
				84E70762157691CB00A65BBC /* Sources */,
				84E70763157691CB00A65BBC /* Frameworks */,
				84E70764157691CB00A65BBC /* Resources */,
			);
			buildRules = (
			);
			dependencies = (
			);
			name = ManziaShoppingUI;
			productName = ManziaShoppingUI;
			productReference = 84E70766157691CB00A65BBC /* ManziaShoppingUI.app */;
			productType = "com.apple.product-type.application";
		};
		84E70794157691CC00A65BBC /* ManziaShoppingUITests */ = {
			isa = PBXNativeTarget;
			buildConfigurationList = 84E707AA157691CC00A65BBC /* Build configuration list for PBXNativeTarget "ManziaShoppingUITests" */;
			buildPhases = (
				84E70790157691CC00A65BBC /* Sources */,
				84E70791157691CC00A65BBC /* Frameworks */,
				84E70792157691CC00A65BBC /* Resources */,
				84E70793157691CC00A65BBC /* ShellScript */,
			);
			buildRules = (
			);
			dependencies = (
				84E7079B157691CC00A65BBC /* PBXTargetDependency */,
			);
			name = ManziaShoppingUITests;
			productName = ManziaShoppingUITests;
			productReference = 84E70795157691CC00A65BBC /* ManziaShoppingUITests.octest */;
			productType = "com.apple.product-type.bundle";
		};
/* End PBXNativeTarget section */

/* Begin PBXProject section */
		84E7075D157691CB00A65BBC /* Project object */ = {
			isa = PBXProject;
			attributes = {
				LastUpgradeCheck = 0420;
			};
			buildConfigurationList = 84E70760157691CB00A65BBC /* Build configuration list for PBXProject "ManziaShoppingUI" */;
			compatibilityVersion = "Xcode 3.2";
			developmentRegion = English;
			hasScannedForEncodings = 0;
			knownRegions = (
				en,
			);
			mainGroup = 84E7075B157691CB00A65BBC;
			productRefGroup = 84E70767157691CB00A65BBC /* Products */;
			projectDirPath = "";
			projectRoot = "";
			targets = (
				84E70765157691CB00A65BBC /* ManziaShoppingUI */,
				84E70794157691CC00A65BBC /* ManziaShoppingUITests */,
			);
		};
/* End PBXProject section */

/* Begin PBXResourcesBuildPhase section */
		84E70764157691CB00A65BBC /* Resources */ = {
			isa = PBXResourcesBuildPhase;
			buildActionMask = 2147483647;
			files = (
				84E70775157691CB00A65BBC /* InfoPlist.strings in Resources */,
				84E7077E157691CB00A65BBC /* MainStoryboard_iPhone.storyboard in Resources */,
				84E70781157691CB00A65BBC /* MainStoryboard_iPad.storyboard in Resources */,
				84E70786157691CB00A65BBC /* first.png in Resources */,
				84E70788157691CB00A65BBC /* first@2x.png in Resources */,
				84E7078D157691CC00A65BBC /* second.png in Resources */,
				84E7078F157691CC00A65BBC /* second@2x.png in Resources */,
				84E707BB1576DE5000A65BBC /* sampleProductsResponse.xml in Resources */,
				840BF0DF1577416F0087081C /* Settings.bundle in Resources */,
			);
			runOnlyForDeploymentPostprocessing = 0;
		};
		84E70792157691CC00A65BBC /* Resources */ = {
			isa = PBXResourcesBuildPhase;
			buildActionMask = 2147483647;
			files = (
				84E707A1157691CC00A65BBC /* InfoPlist.strings in Resources */,
			);
			runOnlyForDeploymentPostprocessing = 0;
		};
/* End PBXResourcesBuildPhase section */

/* Begin PBXShellScriptBuildPhase section */
		84E70793157691CC00A65BBC /* ShellScript */ = {
			isa = PBXShellScriptBuildPhase;
			buildActionMask = 2147483647;
			files = (
			);
			inputPaths = (
			);
			outputPaths = (
			);
			runOnlyForDeploymentPostprocessing = 0;
			shellPath = /bin/sh;
			shellScript = "# Run the unit tests in this test bundle.\n\"${SYSTEM_DEVELOPER_DIR}/Tools/RunUnitTests\"\n";
		};
/* End PBXShellScriptBuildPhase section */

/* Begin PBXSourcesBuildPhase section */
		84E70762157691CB00A65BBC /* Sources */ = {
			isa = PBXSourcesBuildPhase;
			buildActionMask = 2147483647;
			files = (
				84E70777157691CB00A65BBC /* main.m in Sources */,
				84E7077B157691CB00A65BBC /* MzAppDelegate.m in Sources */,
				84E70784157691CB00A65BBC /* MzProductCollectionViewController.m in Sources */,
				84E7078B157691CC00A65BBC /* MzProductItemViewController.m in Sources */,
				84E707B61576971200A65BBC /* MzProductCollection.m in Sources */,
				840BF0D41577199B0087081C /* MzProductCollectionContext.m in Sources */,
				840BF0DD1577416F0087081C /* QLog.m in Sources */,
				840BF0DE1577416F0087081C /* QLogViewer.m in Sources */,
				845DDA291577EDAD00851EF8 /* MzProductCollectionTests.m in Sources */,
				845DDA2C15787B9500851EF8 /* RecursiveDeleteOperation.m in Sources */,
			);
			runOnlyForDeploymentPostprocessing = 0;
		};
		84E70790157691CC00A65BBC /* Sources */ = {
			isa = PBXSourcesBuildPhase;
			buildActionMask = 2147483647;
			files = (
				84E707A4157691CC00A65BBC /* ManziaShoppingUITests.m in Sources */,
			);
			runOnlyForDeploymentPostprocessing = 0;
		};
/* End PBXSourcesBuildPhase section */

/* Begin PBXTargetDependency section */
		84E7079B157691CC00A65BBC /* PBXTargetDependency */ = {
			isa = PBXTargetDependency;
			target = 84E70765157691CB00A65BBC /* ManziaShoppingUI */;
			targetProxy = 84E7079A157691CC00A65BBC /* PBXContainerItemProxy */;
		};
/* End PBXTargetDependency section */

/* Begin PBXVariantGroup section */
		84E70773157691CB00A65BBC /* InfoPlist.strings */ = {
			isa = PBXVariantGroup;
			children = (
				84E70774157691CB00A65BBC /* en */,
			);
			name = InfoPlist.strings;
			sourceTree = "<group>";
		};
		84E7077C157691CB00A65BBC /* MainStoryboard_iPhone.storyboard */ = {
			isa = PBXVariantGroup;
			children = (
				84E7077D157691CB00A65BBC /* en */,
			);
			name = MainStoryboard_iPhone.storyboard;
			sourceTree = "<group>";
		};
		84E7077F157691CB00A65BBC /* MainStoryboard_iPad.storyboard */ = {
			isa = PBXVariantGroup;
			children = (
				84E70780157691CB00A65BBC /* en */,
			);
			name = MainStoryboard_iPad.storyboard;
			sourceTree = "<group>";
		};
		84E7079F157691CC00A65BBC /* InfoPlist.strings */ = {
			isa = PBXVariantGroup;
			children = (
				84E707A0157691CC00A65BBC /* en */,
			);
			name = InfoPlist.strings;
			sourceTree = "<group>";
		};
/* End PBXVariantGroup section */

/* Begin XCBuildConfiguration section */
		84E707A5157691CC00A65BBC /* Debug */ = {
			isa = XCBuildConfiguration;
			buildSettings = {
				ALWAYS_SEARCH_USER_PATHS = NO;
				ARCHS = "$(ARCHS_STANDARD_32_BIT)";
				CLANG_ENABLE_OBJC_ARC = YES;
				"CODE_SIGN_IDENTITY[sdk=iphoneos*]" = "iPhone Developer";
				COPY_PHASE_STRIP = NO;
				GCC_C_LANGUAGE_STANDARD = gnu99;
				GCC_DYNAMIC_NO_PIC = NO;
				GCC_OPTIMIZATION_LEVEL = 0;
				GCC_PREPROCESSOR_DEFINITIONS = (
					"DEBUG=1",
					"$(inherited)",
				);
				GCC_SYMBOLS_PRIVATE_EXTERN = NO;
				GCC_VERSION = com.apple.compilers.llvm.clang.1_0;
				GCC_WARN_ABOUT_MISSING_PROTOTYPES = YES;
				GCC_WARN_ABOUT_RETURN_TYPE = YES;
				GCC_WARN_UNUSED_VARIABLE = YES;
				IPHONEOS_DEPLOYMENT_TARGET = 5.0;
				SDKROOT = iphoneos;
				TARGETED_DEVICE_FAMILY = "1,2";
			};
			name = Debug;
		};
		84E707A6157691CC00A65BBC /* Release */ = {
			isa = XCBuildConfiguration;
			buildSettings = {
				ALWAYS_SEARCH_USER_PATHS = NO;
				ARCHS = "$(ARCHS_STANDARD_32_BIT)";
				CLANG_ENABLE_OBJC_ARC = YES;
				"CODE_SIGN_IDENTITY[sdk=iphoneos*]" = "iPhone Developer";
				COPY_PHASE_STRIP = YES;
				GCC_C_LANGUAGE_STANDARD = gnu99;
				GCC_VERSION = com.apple.compilers.llvm.clang.1_0;
				GCC_WARN_ABOUT_MISSING_PROTOTYPES = YES;
				GCC_WARN_ABOUT_RETURN_TYPE = YES;
				GCC_WARN_UNUSED_VARIABLE = YES;
				IPHONEOS_DEPLOYMENT_TARGET = 5.0;
				OTHER_CFLAGS = "-DNS_BLOCK_ASSERTIONS=1";
				SDKROOT = iphoneos;
				TARGETED_DEVICE_FAMILY = "1,2";
				VALIDATE_PRODUCT = YES;
			};
			name = Release;
		};
		84E707A8157691CC00A65BBC /* Debug */ = {
			isa = XCBuildConfiguration;
			buildSettings = {
				FRAMEWORK_SEARCH_PATHS = (
					"$(inherited)",
					"\"$(DEVELOPER_FRAMEWORKS_DIR)\"",
				);
				GCC_PRECOMPILE_PREFIX_HEADER = YES;
				GCC_PREFIX_HEADER = "ManziaShoppingUI/ManziaShoppingUI-Prefix.pch";
				INFOPLIST_FILE = "ManziaShoppingUI/ManziaShoppingUI-Info.plist";
				IPHONEOS_DEPLOYMENT_TARGET = 4.0;
				PRODUCT_NAME = "$(TARGET_NAME)";
				SUPPORTED_PLATFORMS = "iphoneos iphonesimulator";
				WRAPPER_EXTENSION = app;
			};
			name = Debug;
		};
		84E707A9157691CC00A65BBC /* Release */ = {
			isa = XCBuildConfiguration;
			buildSettings = {
				FRAMEWORK_SEARCH_PATHS = (
					"$(inherited)",
					"\"$(DEVELOPER_FRAMEWORKS_DIR)\"",
				);
				GCC_PRECOMPILE_PREFIX_HEADER = YES;
				GCC_PREFIX_HEADER = "ManziaShoppingUI/ManziaShoppingUI-Prefix.pch";
				INFOPLIST_FILE = "ManziaShoppingUI/ManziaShoppingUI-Info.plist";
				IPHONEOS_DEPLOYMENT_TARGET = 4.0;
				PRODUCT_NAME = "$(TARGET_NAME)";
				SUPPORTED_PLATFORMS = "iphoneos iphonesimulator";
				WRAPPER_EXTENSION = app;
			};
			name = Release;
		};
		84E707AB157691CC00A65BBC /* Debug */ = {
			isa = XCBuildConfiguration;
			buildSettings = {
				BUNDLE_LOADER = "$(BUILT_PRODUCTS_DIR)/ManziaShoppingUI.app/ManziaShoppingUI";
				FRAMEWORK_SEARCH_PATHS = (
					"$(SDKROOT)/Developer/Library/Frameworks",
					"$(DEVELOPER_LIBRARY_DIR)/Frameworks",
				);
				GCC_PRECOMPILE_PREFIX_HEADER = YES;
				GCC_PREFIX_HEADER = "ManziaShoppingUI/ManziaShoppingUI-Prefix.pch";
				INFOPLIST_FILE = "ManziaShoppingUITests/ManziaShoppingUITests-Info.plist";
				PRODUCT_NAME = "$(TARGET_NAME)";
				TEST_HOST = "$(BUNDLE_LOADER)";
				WRAPPER_EXTENSION = octest;
			};
			name = Debug;
		};
		84E707AC157691CC00A65BBC /* Release */ = {
			isa = XCBuildConfiguration;
			buildSettings = {
				BUNDLE_LOADER = "$(BUILT_PRODUCTS_DIR)/ManziaShoppingUI.app/ManziaShoppingUI";
				FRAMEWORK_SEARCH_PATHS = (
					"$(SDKROOT)/Developer/Library/Frameworks",
					"$(DEVELOPER_LIBRARY_DIR)/Frameworks",
				);
				GCC_PRECOMPILE_PREFIX_HEADER = YES;
				GCC_PREFIX_HEADER = "ManziaShoppingUI/ManziaShoppingUI-Prefix.pch";
				INFOPLIST_FILE = "ManziaShoppingUITests/ManziaShoppingUITests-Info.plist";
				PRODUCT_NAME = "$(TARGET_NAME)";
				TEST_HOST = "$(BUNDLE_LOADER)";
				WRAPPER_EXTENSION = octest;
			};
			name = Release;
		};
/* End XCBuildConfiguration section */

/* Begin XCConfigurationList section */
		84E70760157691CB00A65BBC /* Build configuration list for PBXProject "ManziaShoppingUI" */ = {
			isa = XCConfigurationList;
			buildConfigurations = (
				84E707A5157691CC00A65BBC /* Debug */,
				84E707A6157691CC00A65BBC /* Release */,
			);
			defaultConfigurationIsVisible = 0;
			defaultConfigurationName = Release;
		};
		84E707A7157691CC00A65BBC /* Build configuration list for PBXNativeTarget "ManziaShoppingUI" */ = {
			isa = XCConfigurationList;
			buildConfigurations = (
				84E707A8157691CC00A65BBC /* Debug */,
				84E707A9157691CC00A65BBC /* Release */,
			);
			defaultConfigurationIsVisible = 0;
			defaultConfigurationName = Release;
		};
		84E707AA157691CC00A65BBC /* Build configuration list for PBXNativeTarget "ManziaShoppingUITests" */ = {
			isa = XCConfigurationList;
			buildConfigurations = (
				84E707AB157691CC00A65BBC /* Debug */,
				84E707AC157691CC00A65BBC /* Release */,
			);
			defaultConfigurationIsVisible = 0;
			defaultConfigurationName = Release;
		};
/* End XCConfigurationList section */
	};
	rootObject = 84E7075D157691CB00A65BBC /* Project object */;
}
